
Microsoft Visual Studio Solution File, Format Version 12.00
# Visual Studio Version 17
VisualStudioVersion = 17.5.33424.131
MinimumVisualStudioVersion = 10.0.40219.1
Project("{FAE04EC0-301F-11D3-BF4B-00C04F79EFBC}") = "projetoEmprestimo2", "projetoEmprestimo2\projetoEmprestimo2.csproj", "{A6BB857E-F5D3-4171-9F2F-A4A3958C453C}"
EndProject
Global
	GlobalSection(SolutionConfigurationPlatforms) = preSolution
		Debug|Any CPU = Debug|Any CPU
		Release|Any CPU = Release|Any CPU
	EndGlobalSection
	GlobalSection(ProjectConfigurationPlatforms) = postSolution
		{A6BB857E-F5D3-4171-9F2F-A4A3958C453C}.Debug|Any CPU.ActiveCfg = Debug|Any CPU
		{A6BB857E-F5D3-4171-9F2F-A4A3958C453C}.Debug|Any CPU.Build.0 = Debug|Any CPU
		{A6BB857E-F5D3-4171-9F2F-A4A3958C453C}.Release|Any CPU.ActiveCfg = Release|Any CPU
		{A6BB857E-F5D3-4171-9F2F-A4A3958C453C}.Release|Any CPU.Build.0 = Release|Any CPU
	EndGlobalSection
	GlobalSection(SolutionProperties) = preSolution
		HideSolutionNode = FALSE
	EndGlobalSection
	GlobalSection(ExtensibilityGlobals) = postSolution
		SolutionGuid = {20D05CC7-847A-4F91-BF82-F75CD4270D7E}
	EndGlobalSection
EndGlobal
